
Microsoft Visual Studio Solution File, Format Version 11.00
# Visual Studio 2010
Project("{FAE04EC0-301F-11D3-BF4B-00C04F79EFBC}") = "IIOPChannelVS10", "IIOPChannel\IIOPChannelVS10.csproj", "{06B8BCFF-7887-4DCE-B451-0DCA831D4A2D}"
EndProject
Project("{FAE04EC0-301F-11D3-BF4B-00C04F79EFBC}") = "IDLPreprocessorVS10", "IDLToCLSCompiler\IDLPreprocessor\IDLPreprocessorVS10.csproj", "{76FDDBCE-9A94-48F4-9502-067736AC0533}"
EndProject
Project("{FAE04EC0-301F-11D3-BF4B-00C04F79EFBC}") = "IDLToCLSCompilerVS10", "IDLToCLSCompiler\IDLCompiler\IDLToCLSCompilerVS10.csproj", "{3874C0C0-0AFF-4D8F-BFEB-EDB6499AEA8F}"
EndProject
Project("{FAE04EC0-301F-11D3-BF4B-00C04F79EFBC}") = "SslPluginVS10", "SSLPlugin\SslPluginVS10.csproj", "{44F25FED-02C4-4543-816C-68F9F8DE5BB3}"
EndProject
Project("{FAE04EC0-301F-11D3-BF4B-00C04F79EFBC}") = "ClsToIdlGeneratorVS10", "CLSToIDLGenerator\ClsToIdlGeneratorVS10.csproj", "{3803A57D-CAC1-4EBA-8BED-59DE37E7EF0C}"
EndProject
Project("{FAE04EC0-301F-11D3-BF4B-00C04F79EFBC}") = "SecurityLibraryVS10", "thirdparty\SSL\seclib\SecurityLibraryVS10.csproj", "{5BFA5A70-D384-4417-AFCC-5C744485A85F}"
EndProject
Global
	GlobalSection(SolutionConfigurationPlatforms) = preSolution
		Debug|Any CPU = Debug|Any CPU
		Release|Any CPU = Release|Any CPU
		Testing|Any CPU = Testing|Any CPU
	EndGlobalSection
	GlobalSection(ProjectConfigurationPlatforms) = postSolution
		{06B8BCFF-7887-4DCE-B451-0DCA831D4A2D}.Debug|Any CPU.ActiveCfg = Debug|Any CPU
		{06B8BCFF-7887-4DCE-B451-0DCA831D4A2D}.Debug|Any CPU.Build.0 = Debug|Any CPU
		{06B8BCFF-7887-4DCE-B451-0DCA831D4A2D}.Release|Any CPU.ActiveCfg = Release|Any CPU
		{06B8BCFF-7887-4DCE-B451-0DCA831D4A2D}.Release|Any CPU.Build.0 = Release|Any CPU
		{06B8BCFF-7887-4DCE-B451-0DCA831D4A2D}.Testing|Any CPU.ActiveCfg = Testing|Any CPU
		{06B8BCFF-7887-4DCE-B451-0DCA831D4A2D}.Testing|Any CPU.Build.0 = Testing|Any CPU
		{76FDDBCE-9A94-48F4-9502-067736AC0533}.Debug|Any CPU.ActiveCfg = Debug|Any CPU
		{76FDDBCE-9A94-48F4-9502-067736AC0533}.Debug|Any CPU.Build.0 = Debug|Any CPU
		{76FDDBCE-9A94-48F4-9502-067736AC0533}.Release|Any CPU.ActiveCfg = Release|Any CPU
		{76FDDBCE-9A94-48F4-9502-067736AC0533}.Release|Any CPU.Build.0 = Release|Any CPU
		{76FDDBCE-9A94-48F4-9502-067736AC0533}.Testing|Any CPU.ActiveCfg = Testing|Any CPU
		{76FDDBCE-9A94-48F4-9502-067736AC0533}.Testing|Any CPU.Build.0 = Testing|Any CPU
		{3874C0C0-0AFF-4D8F-BFEB-EDB6499AEA8F}.Debug|Any CPU.ActiveCfg = Debug|Any CPU
		{3874C0C0-0AFF-4D8F-BFEB-EDB6499AEA8F}.Debug|Any CPU.Build.0 = Debug|Any CPU
		{3874C0C0-0AFF-4D8F-BFEB-EDB6499AEA8F}.Release|Any CPU.ActiveCfg = Release|Any CPU
		{3874C0C0-0AFF-4D8F-BFEB-EDB6499AEA8F}.Release|Any CPU.Build.0 = Release|Any CPU
		{3874C0C0-0AFF-4D8F-BFEB-EDB6499AEA8F}.Testing|Any CPU.ActiveCfg = Testing|Any CPU
		{3874C0C0-0AFF-4D8F-BFEB-EDB6499AEA8F}.Testing|Any CPU.Build.0 = Testing|Any CPU
		{44F25FED-02C4-4543-816C-68F9F8DE5BB3}.Debug|Any CPU.ActiveCfg = Debug|Any CPU
		{44F25FED-02C4-4543-816C-68F9F8DE5BB3}.Debug|Any CPU.Build.0 = Debug|Any CPU
		{44F25FED-02C4-4543-816C-68F9F8DE5BB3}.Release|Any CPU.ActiveCfg = Release|Any CPU
		{44F25FED-02C4-4543-816C-68F9F8DE5BB3}.Release|Any CPU.Build.0 = Release|Any CPU
		{44F25FED-02C4-4543-816C-68F9F8DE5BB3}.Testing|Any CPU.ActiveCfg = Testing|Any CPU
		{44F25FED-02C4-4543-816C-68F9F8DE5BB3}.Testing|Any CPU.Build.0 = Testing|Any CPU
		{3803A57D-CAC1-4EBA-8BED-59DE37E7EF0C}.Debug|Any CPU.ActiveCfg = Debug|Any CPU
		{3803A57D-CAC1-4EBA-8BED-59DE37E7EF0C}.Debug|Any CPU.Build.0 = Debug|Any CPU
		{3803A57D-CAC1-4EBA-8BED-59DE37E7EF0C}.Release|Any CPU.ActiveCfg = Release|Any CPU
		{3803A57D-CAC1-4EBA-8BED-59DE37E7EF0C}.Release|Any CPU.Build.0 = Release|Any CPU
		{3803A57D-CAC1-4EBA-8BED-59DE37E7EF0C}.Testing|Any CPU.ActiveCfg = Testing|Any CPU
		{3803A57D-CAC1-4EBA-8BED-59DE37E7EF0C}.Testing|Any CPU.Build.0 = Testing|Any CPU
		{5BFA5A70-D384-4417-AFCC-5C744485A85F}.Debug|Any CPU.ActiveCfg = Debug|Any CPU
		{5BFA5A70-D384-4417-AFCC-5C744485A85F}.Debug|Any CPU.Build.0 = Debug|Any CPU
		{5BFA5A70-D384-4417-AFCC-5C744485A85F}.Release|Any CPU.ActiveCfg = Release|Any CPU
		{5BFA5A70-D384-4417-AFCC-5C744485A85F}.Release|Any CPU.Build.0 = Release|Any CPU
		{5BFA5A70-D384-4417-AFCC-5C744485A85F}.Testing|Any CPU.ActiveCfg = Release|Any CPU
		{5BFA5A70-D384-4417-AFCC-5C744485A85F}.Testing|Any CPU.Build.0 = Release|Any CPU
	EndGlobalSection
	GlobalSection(SolutionProperties) = preSolution
		HideSolutionNode = FALSE
	EndGlobalSection
EndGlobal
